{"version":4,"terraform_version":"1.8.1","serial":3,"lineage":"150cda73-1393-e20f-91e8-e79760954227","outputs":{},"resources":[{"mode":"managed","type":"apstra_asn_pool","name":"ASN_DC1_Leaf","provider":"provider[\"registry.opentofu.org/juniper/apstra\"]","instances":[{"schema_version":0,"attributes":{"id":"c0db4fcf-d984-4d43-a79c-9dc59276c705","name":"ASN_DC1_Leaf","ranges":[{"first":4200001101,"last":4200001110,"status":null,"total":null,"used":null,"used_percentage":null}],"status":null,"total":null,"used":null,"used_percentage":null},"sensitive_attributes":[]}]},{"mode":"managed","type":"apstra_asn_pool","name":"ASN_DC1_Spine","provider":"provider[\"registry.opentofu.org/juniper/apstra\"]","instances":[{"schema_version":0,"attributes":{"id":"0bc34240-c5fe-4d03-8695-893c25ff5ca5","name":"ASN_DC1_Spine","ranges":[{"first":4200001001,"last":4200001010,"status":null,"total":null,"used":null,"used_percentage":null}],"status":null,"total":null,"used":null,"used_percentage":null},"sensitive_attributes":[]}]},{"mode":"managed","type":"apstra_asn_pool","name":"ASN_DC2","provider":"provider[\"registry.opentofu.org/juniper/apstra\"]","instances":[{"schema_version":0,"attributes":{"id":"a6dade85-6e2e-404d-b905-8743cd526d5e","name":"ASN_DC2","ranges":[{"first":4200002001,"last":4200002010,"status":null,"total":null,"used":null,"used_percentage":null}],"status":null,"total":null,"used":null,"used_percentage":null},"sensitive_attributes":[]}]},{"mode":"managed","type":"apstra_asn_pool","name":"ASN_DC3_Leaf","provider":"provider[\"registry.opentofu.org/juniper/apstra\"]","instances":[{"schema_version":0,"attributes":{"id":"4e08a10b-5c35-44b2-a700-eb38b087985c","name":"ASN_DC3_Leaf","ranges":[{"first":4200003101,"last":4200003110,"status":null,"total":null,"used":null,"used_percentage":null}],"status":null,"total":null,"used":null,"used_percentage":null},"sensitive_attributes":[]}]},{"mode":"managed","type":"apstra_asn_pool","name":"ASN_DC3_Spine","provider":"provider[\"registry.opentofu.org/juniper/apstra\"]","instances":[{"schema_version":0,"attributes":{"id":"b2a89b69-ad54-4cce-ab0c-cb2ad35f5b75","name":"ASN_DC3_Spine","ranges":[{"first":4200003001,"last":4200003010,"status":null,"total":null,"used":null,"used_percentage":null}],"status":null,"total":null,"used":null,"used_percentage":null},"sensitive_attributes":[]}]},{"mode":"managed","type":"apstra_configlet","name":"user_admin","provider":"provider[\"registry.opentofu.org/juniper/apstra\"]","instances":[{"schema_version":0,"attributes":{"generators":[{"config_style":"junos","filename":null,"negation_template_text":null,"section":"top_level_hierarchical","template_text":"system {\n    root-authentication {\n        encrypted-password \"$1$Jw5Ubokd$OLC5bOaYt.cI5fg0vz6F4.\"; ## SECRET-DATA\n    }\n    login {\n        user admin {\n            class super-user;\n            authentication {\n                encrypted-password \"$1$Jw5Ubokd$OLC5bOaYt.cI5fg0vz6F4.\"; ## SECRET-DATA\n                ssh-rsa \"ssh-rsa AAAAB3NzaC1yc2EAAAADAQABAAABgQDBUA+4YJwqE2rqwweZ3NG7GpXF3JqIxFbnDxraW8//QWjHLGVgn+jFbXFB3T/yLYpIRAh8SsAw6M6pZXzGd3oiltENLkoN5YGI1yW0bCTsS/Z4BoW/iuPR2rYQqhA+NPi9OZO/opVbJ+VIdfm+fugWPSVpduBiJN20P9iEF1zCW4EmWZn3qkl25LjVSBVMiwn+crcsCHUub3xDRicgTOOINFo4lZy03Fsa3PoqpxXv18FhNi3pVWmV2n3vIckWt8BbaPWMTFZmERHkVb4Y15GsHwcQxb6gm3h8Do4QgURbujCUJQhpJT4BRdD8kja1NQK4lbcPq6l9rF3YM7aQkscB16nCplWcgdnxI7eN//FA4ovvx7d57i43Y7GzSlQE87kcIDDQ1eCesYOfg9EfqCFSVWV0hbhc2Ap6YCoc0R9POpG1n0LO+o++h0J0bkLUWsIiQLb3LiC91FnP3giK5MEzdJ+maJcjIyGlTth52s01nLdT4gQDgTURqIpfL8L0HWE= irzan@irzan-mbp\"; ## SECRET-DATA\n            }\n        }\n    }\n}\n"}],"id":"3fc64ae2-182f-45cb-8867-d1cd78597c00","name":"user_admin"},"sensitive_attributes":[]}]},{"mode":"managed","type":"apstra_ipv4_pool","name":"DC1_Leaf_loopback","provider":"provider[\"registry.opentofu.org/juniper/apstra\"]","instances":[{"schema_version":0,"attributes":{"id":"f9012478-75df-48bd-897b-8b3a0ccaab17","name":"DC1_Leaf_loopback","status":null,"subnets":[{"network":"10.1.2.0/24","status":null,"total":null,"used":null,"used_percentage":null}],"total":null,"used":null,"used_percentage":null},"sensitive_attributes":[]}]},{"mode":"managed","type":"apstra_ipv4_pool","name":"DC1_Spine_loopback","provider":"provider[\"registry.opentofu.org/juniper/apstra\"]","instances":[{"schema_version":0,"attributes":{"id":"a3d4e759-2323-4006-bda3-ffcca1e8f95a","name":"DC1_Spine_loopback","status":null,"subnets":[{"network":"10.1.1.0/24","status":null,"total":null,"used":null,"used_percentage":null}],"total":null,"used":null,"used_percentage":null},"sensitive_attributes":[]}]},{"mode":"managed","type":"apstra_ipv4_pool","name":"DC1_VRF_loopback","provider":"provider[\"registry.opentofu.org/juniper/apstra\"]","instances":[{"schema_version":0,"attributes":{"id":"ca6df9e3-23de-44f0-8c96-4105771a083a","name":"DC1_VRF_loopback","status":null,"subnets":[{"network":"10.1.3.0/24","status":null,"total":null,"used":null,"used_percentage":null}],"total":null,"used":null,"used_percentage":null},"sensitive_attributes":[]}]},{"mode":"managed","type":"apstra_ipv4_pool","name":"DC1_fabric_link","provider":"provider[\"registry.opentofu.org/juniper/apstra\"]","instances":[{"schema_version":0,"attributes":{"id":"c4b164cb-722c-4d5b-873f-e10457f8c802","name":"DC1_fabric_link","status":null,"subnets":[{"network":"10.1.0.0/24","status":null,"total":null,"used":null,"used_percentage":null}],"total":null,"used":null,"used_percentage":null},"sensitive_attributes":[]}]},{"mode":"managed","type":"apstra_ipv4_pool","name":"DC2_Leaf_loopback","provider":"provider[\"registry.opentofu.org/juniper/apstra\"]","instances":[{"schema_version":0,"attributes":{"id":"80c7a9ed-11f2-4d86-ae2c-b6449e7d2611","name":"DC2_Leaf_loopback","status":null,"subnets":[{"network":"10.2.2.0/24","status":null,"total":null,"used":null,"used_percentage":null}],"total":null,"used":null,"used_percentage":null},"sensitive_attributes":[]}]},{"mode":"managed","type":"apstra_ipv4_pool","name":"DC2_VRF_loopback","provider":"provider[\"registry.opentofu.org/juniper/apstra\"]","instances":[{"schema_version":0,"attributes":{"id":"f61ed6e8-85f9-4ae4-9f0e-1f79d5e5b780","name":"DC2_VRF_loopback","status":null,"subnets":[{"network":"10.2.3.0/24","status":null,"total":null,"used":null,"used_percentage":null}],"total":null,"used":null,"used_percentage":null},"sensitive_attributes":[]}]},{"mode":"managed","type":"apstra_ipv4_pool","name":"DC2_fabric_link","provider":"provider[\"registry.opentofu.org/juniper/apstra\"]","instances":[{"schema_version":0,"attributes":{"id":"040bbde3-02e8-4ca4-8f30-845450853d9f","name":"DC2_fabric_link","status":null,"subnets":[{"network":"10.2.0.0/24","status":null,"total":null,"used":null,"used_percentage":null}],"total":null,"used":null,"used_percentage":null},"sensitive_attributes":[]}]},{"mode":"managed","type":"apstra_ipv4_pool","name":"DC3_Leaf_loopback","provider":"provider[\"registry.opentofu.org/juniper/apstra\"]","instances":[{"schema_version":0,"attributes":{"id":"8c567e54-6aea-4e9e-9f4c-42c5b5bf8a99","name":"DC3_Leaf_loopback","status":null,"subnets":[{"network":"10.3.2.0/24","status":null,"total":null,"used":null,"used_percentage":null}],"total":null,"used":null,"used_percentage":null},"sensitive_attributes":[]}]},{"mode":"managed","type":"apstra_ipv4_pool","name":"DC3_Spine_loopback","provider":"provider[\"registry.opentofu.org/juniper/apstra\"]","instances":[{"schema_version":0,"attributes":{"id":"719516bd-9592-4319-84c2-1fa5977670e4","name":"DC3_Spine_loopback","status":null,"subnets":[{"network":"10.3.1.0/24","status":null,"total":null,"used":null,"used_percentage":null}],"total":null,"used":null,"used_percentage":null},"sensitive_attributes":[]}]},{"mode":"managed","type":"apstra_ipv4_pool","name":"DC3_VRF_loopback","provider":"provider[\"registry.opentofu.org/juniper/apstra\"]","instances":[{"schema_version":0,"attributes":{"id":"74ce6353-6325-4059-83b4-8ca7f193167f","name":"DC3_VRF_loopback","status":null,"subnets":[{"network":"10.3.3.0/24","status":null,"total":null,"used":null,"used_percentage":null}],"total":null,"used":null,"used_percentage":null},"sensitive_attributes":[]}]},{"mode":"managed","type":"apstra_ipv4_pool","name":"DC3_fabric_link","provider":"provider[\"registry.opentofu.org/juniper/apstra\"]","instances":[{"schema_version":0,"attributes":{"id":"04b47782-c369-4d15-8793-4bf1b06bcf1a","name":"DC3_fabric_link","status":null,"subnets":[{"network":"10.3.0.0/24","status":null,"total":null,"used":null,"used_percentage":null}],"total":null,"used":null,"used_percentage":null},"sensitive_attributes":[]}]},{"mode":"managed","type":"apstra_ipv6_pool","name":"DC1_Leaf_loopback","provider":"provider[\"registry.opentofu.org/juniper/apstra\"]","instances":[{"schema_version":0,"attributes":{"id":"ef8603ac-f450-4bab-8f06-0a831a87f148","name":"DC1_Leaf_loopback","status":null,"subnets":[{"network":"fc00:dead:beef:1002::/64","status":null,"total":null,"used":null,"used_percentage":null}],"total":null,"used":null,"used_percentage":null},"sensitive_attributes":[]}]},{"mode":"managed","type":"apstra_ipv6_pool","name":"DC1_Spine_loopback","provider":"provider[\"registry.opentofu.org/juniper/apstra\"]","instances":[{"schema_version":0,"attributes":{"id":"5cee2265-5f7e-4f49-8c14-8812f50b3f91","name":"DC1_Spine_loopback","status":null,"subnets":[{"network":"fc00:dead:beef:1001::/64","status":null,"total":null,"used":null,"used_percentage":null}],"total":null,"used":null,"used_percentage":null},"sensitive_attributes":[]}]},{"mode":"managed","type":"apstra_ipv6_pool","name":"DC1_VRF_loopback","provider":"provider[\"registry.opentofu.org/juniper/apstra\"]","instances":[{"schema_version":0,"attributes":{"id":"f9743809-6ecb-42db-90ca-268d5a82e930","name":"DC1_VRF_loopback","status":null,"subnets":[{"network":"fc00:dead:beef:1003::/64","status":null,"total":null,"used":null,"used_percentage":null}],"total":null,"used":null,"used_percentage":null},"sensitive_attributes":[]}]},{"mode":"managed","type":"apstra_ipv6_pool","name":"DC1_fabric_link","provider":"provider[\"registry.opentofu.org/juniper/apstra\"]","instances":[{"schema_version":0,"attributes":{"id":"c1236249-c2ec-42a1-9786-2ddcdcc815b7","name":"DC1_fabric_link","status":null,"subnets":[{"network":"fc00:dead:beef:1000::/64","status":null,"total":null,"used":null,"used_percentage":null}],"total":null,"used":null,"used_percentage":null},"sensitive_attributes":[]}]},{"mode":"managed","type":"apstra_ipv6_pool","name":"DC2_Leaf_loopback","provider":"provider[\"registry.opentofu.org/juniper/apstra\"]","instances":[{"schema_version":0,"attributes":{"id":"48c622c2-dda9-4361-a154-54f5b2e71809","name":"DC2_Leaf_loopback","status":null,"subnets":[{"network":"fc00:dead:beef:2002::/64","status":null,"total":null,"used":null,"used_percentage":null}],"total":null,"used":null,"used_percentage":null},"sensitive_attributes":[]}]},{"mode":"managed","type":"apstra_ipv6_pool","name":"DC2_VRF_loopback","provider":"provider[\"registry.opentofu.org/juniper/apstra\"]","instances":[{"schema_version":0,"attributes":{"id":"628df458-e0a3-46bf-85e8-9b9c4c849d1b","name":"DC2_VRF_loopback","status":null,"subnets":[{"network":"fc00:dead:beef:2003::/64","status":null,"total":null,"used":null,"used_percentage":null}],"total":null,"used":null,"used_percentage":null},"sensitive_attributes":[]}]},{"mode":"managed","type":"apstra_ipv6_pool","name":"DC2_fabric_link","provider":"provider[\"registry.opentofu.org/juniper/apstra\"]","instances":[{"schema_version":0,"attributes":{"id":"0c06dd7b-4d8d-4f54-94dc-45091bcaf3e0","name":"DC2_fabric_link","status":null,"subnets":[{"network":"fc00:dead:beef:2000::/64","status":null,"total":null,"used":null,"used_percentage":null}],"total":null,"used":null,"used_percentage":null},"sensitive_attributes":[]}]},{"mode":"managed","type":"apstra_ipv6_pool","name":"DC3_Leaf_loopback","provider":"provider[\"registry.opentofu.org/juniper/apstra\"]","instances":[{"schema_version":0,"attributes":{"id":"9bb0bfd9-ee7e-4fc7-83ed-3b6b3c16fb25","name":"DC3_Leaf_loopback","status":null,"subnets":[{"network":"fc00:dead:beef:3002::/64","status":null,"total":null,"used":null,"used_percentage":null}],"total":null,"used":null,"used_percentage":null},"sensitive_attributes":[]}]},{"mode":"managed","type":"apstra_ipv6_pool","name":"DC3_Spine_loopback","provider":"provider[\"registry.opentofu.org/juniper/apstra\"]","instances":[{"schema_version":0,"attributes":{"id":"61a2eee2-f726-40c0-8332-f66e0c2babfe","name":"DC3_Spine_loopback","status":null,"subnets":[{"network":"fc00:dead:beef:3001::/64","status":null,"total":null,"used":null,"used_percentage":null}],"total":null,"used":null,"used_percentage":null},"sensitive_attributes":[]}]},{"mode":"managed","type":"apstra_ipv6_pool","name":"DC3_VRF_loopback","provider":"provider[\"registry.opentofu.org/juniper/apstra\"]","instances":[{"schema_version":0,"attributes":{"id":"ab6a883d-73ae-41d8-af85-c1249cdbc5f5","name":"DC3_VRF_loopback","status":null,"subnets":[{"network":"fc00:dead:beef:3003::/64","status":null,"total":null,"used":null,"used_percentage":null}],"total":null,"used":null,"used_percentage":null},"sensitive_attributes":[]}]},{"mode":"managed","type":"apstra_ipv6_pool","name":"DC3_fabric_link","provider":"provider[\"registry.opentofu.org/juniper/apstra\"]","instances":[{"schema_version":0,"attributes":{"id":"17af852c-1457-40ab-9aeb-e389029214b3","name":"DC3_fabric_link","status":null,"subnets":[{"network":"fc00:dead:beef:3000::/64","status":null,"total":null,"used":null,"used_percentage":null}],"total":null,"used":null,"used_percentage":null},"sensitive_attributes":[]}]},{"mode":"managed","type":"apstra_logical_device","name":"ald1","provider":"provider[\"registry.opentofu.org/juniper/apstra\"]","instances":[{"schema_version":0,"attributes":{"id":"1c623b34-7037-4181-9fe7-e1bfb527ca69","name":"_AOS-10x1","panels":[{"columns":10,"port_groups":[{"port_count":10,"port_roles":["access","generic","leaf","peer","spine","superspine","unused"],"port_speed":"1G"}],"rows":1}]},"sensitive_attributes":[]}]}],"check_results":null}
