{
  "version": 4,
  "terraform_version": "1.7.3",
  "serial": 2,
  "lineage": "9d104c11-19b9-c7ad-5d99-ef25e455de59",
  "outputs": {},
  "resources": [
    {
      "mode": "data",
      "type": "apstra_logical_device",
      "name": "selected",
      "provider": "provider[\"registry.opentofu.org/juniper/apstra\"]",
      "instances": [
        {
          "schema_version": 0,
          "attributes": {
            "id": "14d696c1-c786-4906-8602-9af1191d1d44",
            "name": "AOS-10x1",
            "panels": [
              {
                "columns": 10,
                "port_groups": [
                  {
                    "port_count": 10,
                    "port_roles": [
                      "access",
                      "generic",
                      "leaf",
                      "peer",
                      "spine",
                      "superspine",
                      "unused"
                    ],
                    "port_speed": "1G"
                  }
                ],
                "rows": 1
              }
            ]
          },
          "sensitive_attributes": []
        }
      ]
    },
    {
      "mode": "managed",
      "type": "apstra_asn_pool",
      "name": "ASN_DC1_Leaf",
      "provider": "provider[\"registry.opentofu.org/juniper/apstra\"]",
      "instances": [
        {
          "schema_version": 0,
          "attributes": {
            "id": "c8e5631d-cec1-4bc3-af1e-8d0e615cc707",
            "name": "ASN_DC1_Leaf",
            "ranges": [
              {
                "first": 4200001101,
                "last": 4200001110,
                "status": null,
                "total": null,
                "used": null,
                "used_percentage": null
              }
            ],
            "status": null,
            "total": null,
            "used": null,
            "used_percentage": null
          },
          "sensitive_attributes": []
        }
      ]
    },
    {
      "mode": "managed",
      "type": "apstra_asn_pool",
      "name": "ASN_DC1_Spine",
      "provider": "provider[\"registry.opentofu.org/juniper/apstra\"]",
      "instances": [
        {
          "schema_version": 0,
          "attributes": {
            "id": "11644050-4286-4bae-8246-06c1780f3cdb",
            "name": "ASN_DC1_Spine",
            "ranges": [
              {
                "first": 4200001001,
                "last": 4200001010,
                "status": null,
                "total": null,
                "used": null,
                "used_percentage": null
              }
            ],
            "status": null,
            "total": null,
            "used": null,
            "used_percentage": null
          },
          "sensitive_attributes": []
        }
      ]
    },
    {
      "mode": "managed",
      "type": "apstra_asn_pool",
      "name": "ASN_DC2",
      "provider": "provider[\"registry.opentofu.org/juniper/apstra\"]",
      "instances": [
        {
          "schema_version": 0,
          "attributes": {
            "id": "137a8ca6-04fd-419b-941b-af698a6a005e",
            "name": "ASN_DC2",
            "ranges": [
              {
                "first": 4200002001,
                "last": 4200002010,
                "status": null,
                "total": null,
                "used": null,
                "used_percentage": null
              }
            ],
            "status": null,
            "total": null,
            "used": null,
            "used_percentage": null
          },
          "sensitive_attributes": []
        }
      ]
    },
    {
      "mode": "managed",
      "type": "apstra_configlet",
      "name": "user_admin",
      "provider": "provider[\"registry.opentofu.org/juniper/apstra\"]",
      "instances": [
        {
          "schema_version": 0,
          "attributes": {
            "generators": [
              {
                "config_style": "junos",
                "filename": null,
                "negation_template_text": null,
                "section": "top_level_hierarchical",
                "template_text": "system {\n    root-authentication {\n        encrypted-password \"$1$Jw5Ubokd$OLC5bOaYt.cI5fg0vz6F4.\"; ## SECRET-DATA\n    }\n    login {\n        user admin {\n            class super-user;\n            authentication {\n                encrypted-password \"$1$Jw5Ubokd$OLC5bOaYt.cI5fg0vz6F4.\"; ## SECRET-DATA\n                ssh-rsa \"ssh-rsa AAAAB3NzaC1yc2EAAAADAQABAAABgQDBUA+4YJwqE2rqwweZ3NG7GpXF3JqIxFbnDxraW8//QWjHLGVgn+jFbXFB3T/yLYpIRAh8SsAw6M6pZXzGd3oiltENLkoN5YGI1yW0bCTsS/Z4BoW/iuPR2rYQqhA+NPi9OZO/opVbJ+VIdfm+fugWPSVpduBiJN20P9iEF1zCW4EmWZn3qkl25LjVSBVMiwn+crcsCHUub3xDRicgTOOINFo4lZy03Fsa3PoqpxXv18FhNi3pVWmV2n3vIckWt8BbaPWMTFZmERHkVb4Y15GsHwcQxb6gm3h8Do4QgURbujCUJQhpJT4BRdD8kja1NQK4lbcPq6l9rF3YM7aQkscB16nCplWcgdnxI7eN//FA4ovvx7d57i43Y7GzSlQE87kcIDDQ1eCesYOfg9EfqCFSVWV0hbhc2Ap6YCoc0R9POpG1n0LO+o++h0J0bkLUWsIiQLb3LiC91FnP3giK5MEzdJ+maJcjIyGlTth52s01nLdT4gQDgTURqIpfL8L0HWE= irzan@irzan-mbp\"; ## SECRET-DATA\n            }\n        }\n    }\n}\n"
              }
            ],
            "id": "9668a455-ea95-45fe-b837-aa92fc47457a",
            "name": "user_admin"
          },
          "sensitive_attributes": []
        }
      ]
    },
    {
      "mode": "managed",
      "type": "apstra_interface_map",
      "name": "aim",
      "provider": "provider[\"registry.opentofu.org/juniper/apstra\"]",
      "instances": [
        {
          "schema_version": 0,
          "attributes": {
            "device_profile_id": "29df9a23-5815-4d71-8d85-25e3db30b069",
            "id": "eeb6bb48-5173-44b7-b265-919eef34afe5",
            "interfaces": [
              {
                "logical_device_port": "1/1",
                "physical_interface_name": "ge-0/0/0",
                "transformation_id": 1
              },
              {
                "logical_device_port": "1/10",
                "physical_interface_name": "ge-0/0/9",
                "transformation_id": 1
              },
              {
                "logical_device_port": "1/2",
                "physical_interface_name": "ge-0/0/1",
                "transformation_id": 1
              },
              {
                "logical_device_port": "1/3",
                "physical_interface_name": "ge-0/0/2",
                "transformation_id": 1
              },
              {
                "logical_device_port": "1/4",
                "physical_interface_name": "ge-0/0/3",
                "transformation_id": 1
              },
              {
                "logical_device_port": "1/5",
                "physical_interface_name": "ge-0/0/4",
                "transformation_id": 1
              },
              {
                "logical_device_port": "1/6",
                "physical_interface_name": "ge-0/0/5",
                "transformation_id": 1
              },
              {
                "logical_device_port": "1/7",
                "physical_interface_name": "ge-0/0/6",
                "transformation_id": 1
              },
              {
                "logical_device_port": "1/8",
                "physical_interface_name": "ge-0/0/7",
                "transformation_id": 1
              },
              {
                "logical_device_port": "1/9",
                "physical_interface_name": "ge-0/0/8",
                "transformation_id": 1
              }
            ],
            "logical_device_id": "14d696c1-c786-4906-8602-9af1191d1d44",
            "name": "vjunos",
            "unused_interfaces": []
          },
          "sensitive_attributes": [],
          "dependencies": [
            "data.apstra_logical_device.selected"
          ]
        }
      ]
    },
    {
      "mode": "managed",
      "type": "apstra_ipv4_pool",
      "name": "DC1_Leaf_loopback",
      "provider": "provider[\"registry.opentofu.org/juniper/apstra\"]",
      "instances": [
        {
          "schema_version": 0,
          "attributes": {
            "id": "2c37491d-7f91-474b-a8d0-13bd5286c15c",
            "name": "DC1_Leaf_loopback",
            "status": null,
            "subnets": [
              {
                "network": "10.1.2.0/24",
                "status": null,
                "total": null,
                "used": null,
                "used_percentage": null
              }
            ],
            "total": null,
            "used": null,
            "used_percentage": null
          },
          "sensitive_attributes": []
        }
      ]
    },
    {
      "mode": "managed",
      "type": "apstra_ipv4_pool",
      "name": "DC1_Spine_loopback",
      "provider": "provider[\"registry.opentofu.org/juniper/apstra\"]",
      "instances": [
        {
          "schema_version": 0,
          "attributes": {
            "id": "60d4d989-6f6b-4a99-9258-3e3828b85014",
            "name": "DC1_Spine_loopback",
            "status": null,
            "subnets": [
              {
                "network": "10.1.1.0/24",
                "status": null,
                "total": null,
                "used": null,
                "used_percentage": null
              }
            ],
            "total": null,
            "used": null,
            "used_percentage": null
          },
          "sensitive_attributes": []
        }
      ]
    },
    {
      "mode": "managed",
      "type": "apstra_ipv4_pool",
      "name": "DC1_VRF_loopback",
      "provider": "provider[\"registry.opentofu.org/juniper/apstra\"]",
      "instances": [
        {
          "schema_version": 0,
          "attributes": {
            "id": "4d74cc68-3fe0-4a3c-b1b7-2f539f8abf34",
            "name": "DC1_VRF_loopback",
            "status": null,
            "subnets": [
              {
                "network": "10.1.3.0/24",
                "status": null,
                "total": null,
                "used": null,
                "used_percentage": null
              }
            ],
            "total": null,
            "used": null,
            "used_percentage": null
          },
          "sensitive_attributes": []
        }
      ]
    },
    {
      "mode": "managed",
      "type": "apstra_ipv4_pool",
      "name": "DC1_fabric_link",
      "provider": "provider[\"registry.opentofu.org/juniper/apstra\"]",
      "instances": [
        {
          "schema_version": 0,
          "attributes": {
            "id": "5c1409c4-bd38-4fd1-ba08-3e61231bde58",
            "name": "DC1_fabric_link",
            "status": null,
            "subnets": [
              {
                "network": "10.1.0.0/24",
                "status": null,
                "total": null,
                "used": null,
                "used_percentage": null
              }
            ],
            "total": null,
            "used": null,
            "used_percentage": null
          },
          "sensitive_attributes": []
        }
      ]
    },
    {
      "mode": "managed",
      "type": "apstra_ipv4_pool",
      "name": "DC2_Leaf_loopback",
      "provider": "provider[\"registry.opentofu.org/juniper/apstra\"]",
      "instances": [
        {
          "schema_version": 0,
          "attributes": {
            "id": "96a93b32-cbf8-40be-82ac-7e41f3aa5f7f",
            "name": "DC2_Leaf_loopback",
            "status": null,
            "subnets": [
              {
                "network": "10.2.2.0/24",
                "status": null,
                "total": null,
                "used": null,
                "used_percentage": null
              }
            ],
            "total": null,
            "used": null,
            "used_percentage": null
          },
          "sensitive_attributes": []
        }
      ]
    },
    {
      "mode": "managed",
      "type": "apstra_ipv4_pool",
      "name": "DC2_VRF_loopback",
      "provider": "provider[\"registry.opentofu.org/juniper/apstra\"]",
      "instances": [
        {
          "schema_version": 0,
          "attributes": {
            "id": "f09e8078-74cb-4a04-a3c8-7df1bb152415",
            "name": "DC2_VRF_loopback",
            "status": null,
            "subnets": [
              {
                "network": "10.2.3.0/24",
                "status": null,
                "total": null,
                "used": null,
                "used_percentage": null
              }
            ],
            "total": null,
            "used": null,
            "used_percentage": null
          },
          "sensitive_attributes": []
        }
      ]
    },
    {
      "mode": "managed",
      "type": "apstra_ipv4_pool",
      "name": "DC2_fabric_link",
      "provider": "provider[\"registry.opentofu.org/juniper/apstra\"]",
      "instances": [
        {
          "schema_version": 0,
          "attributes": {
            "id": "6d649b8f-8e4f-442c-b8de-39602fad6ce9",
            "name": "DC2_fabric_link",
            "status": null,
            "subnets": [
              {
                "network": "10.2.0.0/24",
                "status": null,
                "total": null,
                "used": null,
                "used_percentage": null
              }
            ],
            "total": null,
            "used": null,
            "used_percentage": null
          },
          "sensitive_attributes": []
        }
      ]
    },
    {
      "mode": "managed",
      "type": "apstra_ipv6_pool",
      "name": "DC1_Leaf_loopback",
      "provider": "provider[\"registry.opentofu.org/juniper/apstra\"]",
      "instances": [
        {
          "schema_version": 0,
          "attributes": {
            "id": "ccd3e9dc-8b74-4be5-a596-d5800d1ad1a9",
            "name": "DC1_Leaf_loopback",
            "status": null,
            "subnets": [
              {
                "network": "fc00:dead:beef:1002::/64",
                "status": null,
                "total": null,
                "used": null,
                "used_percentage": null
              }
            ],
            "total": null,
            "used": null,
            "used_percentage": null
          },
          "sensitive_attributes": []
        }
      ]
    },
    {
      "mode": "managed",
      "type": "apstra_ipv6_pool",
      "name": "DC1_Spine_loopback",
      "provider": "provider[\"registry.opentofu.org/juniper/apstra\"]",
      "instances": [
        {
          "schema_version": 0,
          "attributes": {
            "id": "b58701e1-4ae8-4fbd-aa0e-67efcbeae0b1",
            "name": "DC1_Spine_loopback",
            "status": null,
            "subnets": [
              {
                "network": "fc00:dead:beef:1001::/64",
                "status": null,
                "total": null,
                "used": null,
                "used_percentage": null
              }
            ],
            "total": null,
            "used": null,
            "used_percentage": null
          },
          "sensitive_attributes": []
        }
      ]
    },
    {
      "mode": "managed",
      "type": "apstra_ipv6_pool",
      "name": "DC1_VRF_loopback",
      "provider": "provider[\"registry.opentofu.org/juniper/apstra\"]",
      "instances": [
        {
          "schema_version": 0,
          "attributes": {
            "id": "0778c6c2-c2d8-402e-9291-2ea3ef4ea188",
            "name": "DC1_VRF_loopback",
            "status": null,
            "subnets": [
              {
                "network": "fc00:dead:beef:1003::/64",
                "status": null,
                "total": null,
                "used": null,
                "used_percentage": null
              }
            ],
            "total": null,
            "used": null,
            "used_percentage": null
          },
          "sensitive_attributes": []
        }
      ]
    },
    {
      "mode": "managed",
      "type": "apstra_ipv6_pool",
      "name": "DC1_fabric_link",
      "provider": "provider[\"registry.opentofu.org/juniper/apstra\"]",
      "instances": [
        {
          "schema_version": 0,
          "attributes": {
            "id": "03ea72f3-aa89-4f6b-b7c6-9cdd0f7e4afe",
            "name": "DC1_fabric_link",
            "status": null,
            "subnets": [
              {
                "network": "fc00:dead:beef:1000::/64",
                "status": null,
                "total": null,
                "used": null,
                "used_percentage": null
              }
            ],
            "total": null,
            "used": null,
            "used_percentage": null
          },
          "sensitive_attributes": []
        }
      ]
    },
    {
      "mode": "managed",
      "type": "apstra_ipv6_pool",
      "name": "DC2_Leaf_loopback",
      "provider": "provider[\"registry.opentofu.org/juniper/apstra\"]",
      "instances": [
        {
          "schema_version": 0,
          "attributes": {
            "id": "93489da5-b031-493b-8738-5fbb2e4f48bd",
            "name": "DC2_Leaf_loopback",
            "status": null,
            "subnets": [
              {
                "network": "fc00:dead:beef:2002::/64",
                "status": null,
                "total": null,
                "used": null,
                "used_percentage": null
              }
            ],
            "total": null,
            "used": null,
            "used_percentage": null
          },
          "sensitive_attributes": []
        }
      ]
    },
    {
      "mode": "managed",
      "type": "apstra_ipv6_pool",
      "name": "DC2_VRF_loopback",
      "provider": "provider[\"registry.opentofu.org/juniper/apstra\"]",
      "instances": [
        {
          "schema_version": 0,
          "attributes": {
            "id": "d1d62513-3869-44dd-b7a8-e5056feb4d6e",
            "name": "DC2_VRF_loopback",
            "status": null,
            "subnets": [
              {
                "network": "fc00:dead:beef:2003::/64",
                "status": null,
                "total": null,
                "used": null,
                "used_percentage": null
              }
            ],
            "total": null,
            "used": null,
            "used_percentage": null
          },
          "sensitive_attributes": []
        }
      ]
    },
    {
      "mode": "managed",
      "type": "apstra_ipv6_pool",
      "name": "DC2_fabric_link",
      "provider": "provider[\"registry.opentofu.org/juniper/apstra\"]",
      "instances": [
        {
          "schema_version": 0,
          "attributes": {
            "id": "e4d35873-a28e-48ab-b19a-006f6bbad490",
            "name": "DC2_fabric_link",
            "status": null,
            "subnets": [
              {
                "network": "fc00:dead:beef:2000::/64",
                "status": null,
                "total": null,
                "used": null,
                "used_percentage": null
              }
            ],
            "total": null,
            "used": null,
            "used_percentage": null
          },
          "sensitive_attributes": []
        }
      ]
    },
    {
      "mode": "managed",
      "type": "apstra_logical_device",
      "name": "ald1",
      "provider": "provider[\"registry.opentofu.org/juniper/apstra\"]",
      "instances": [
        {
          "schema_version": 0,
          "attributes": {
            "id": "14d696c1-c786-4906-8602-9af1191d1d44",
            "name": "AOS-10x1",
            "panels": [
              {
                "columns": 10,
                "port_groups": [
                  {
                    "port_count": 10,
                    "port_roles": [
                      "access",
                      "generic",
                      "leaf",
                      "peer",
                      "spine",
                      "superspine",
                      "unused"
                    ],
                    "port_speed": "1G"
                  }
                ],
                "rows": 1
              }
            ]
          },
          "sensitive_attributes": []
        }
      ]
    },
    {
      "mode": "managed",
      "type": "apstra_rack_type",
      "name": "rack_type2",
      "provider": "provider[\"registry.opentofu.org/juniper/apstra\"]",
      "instances": [
        {
          "schema_version": 0,
          "attributes": {
            "access_switches": null,
            "description": "rack_type_2",
            "fabric_connectivity_design": "l3collapsed",
            "generic_systems": null,
            "id": "cemyvinit-evxubcygk-kq",
            "leaf_switches": {
              "leaf_switch": {
                "logical_device": {
                  "id": null,
                  "name": "AOS-10x1",
                  "panels": [
                    {
                      "columns": 10,
                      "port_groups": [
                        {
                          "port_count": 10,
                          "port_roles": [
                            "access",
                            "generic",
                            "leaf",
                            "peer",
                            "spine",
                            "superspine",
                            "unused"
                          ],
                          "port_speed": "1G"
                        }
                      ],
                      "rows": 1
                    }
                  ]
                },
                "logical_device_id": "14d696c1-c786-4906-8602-9af1191d1d44",
                "mlag_info": null,
                "redundancy_protocol": "esi",
                "spine_link_count": null,
                "spine_link_speed": null,
                "tag_ids": null,
                "tags": null
              }
            },
            "name": "rack_type_2"
          },
          "sensitive_attributes": [],
          "dependencies": [
            "data.apstra_logical_device.selected"
          ]
        }
      ]
    },
    {
      "mode": "managed",
      "type": "apstra_rack_type",
      "name": "rack_type_1",
      "provider": "provider[\"registry.opentofu.org/juniper/apstra\"]",
      "instances": [
        {
          "schema_version": 0,
          "attributes": {
            "access_switches": null,
            "description": "rack_type_1",
            "fabric_connectivity_design": "l3clos",
            "generic_systems": null,
            "id": "tduowjdmr3-gm2t4vmpgjw",
            "leaf_switches": {
              "leaf_switch": {
                "logical_device": {
                  "id": null,
                  "name": "AOS-10x1",
                  "panels": [
                    {
                      "columns": 10,
                      "port_groups": [
                        {
                          "port_count": 10,
                          "port_roles": [
                            "access",
                            "generic",
                            "leaf",
                            "peer",
                            "spine",
                            "superspine",
                            "unused"
                          ],
                          "port_speed": "1G"
                        }
                      ],
                      "rows": 1
                    }
                  ]
                },
                "logical_device_id": "14d696c1-c786-4906-8602-9af1191d1d44",
                "mlag_info": null,
                "redundancy_protocol": "esi",
                "spine_link_count": 1,
                "spine_link_speed": "1G",
                "tag_ids": null,
                "tags": null
              }
            },
            "name": "rack_type_1"
          },
          "sensitive_attributes": [],
          "dependencies": [
            "data.apstra_logical_device.selected"
          ]
        }
      ]
    }
  ],
  "check_results": null
}
